{
  "name": "CSCE-482-ScriptSearch",
  "lockfileVersion": 3,
  "requires": true,
  "packages": {
    "": {
      "dependencies": {
        "nextjs": "^0.0.3"
      }
    },
    "node_modules/nextjs": {
      "version": "0.0.3",
      "resolved": "https://registry.npmjs.org/nextjs/-/nextjs-0.0.3.tgz",
      "integrity": "sha512-mYbDUo4/sRAZ8TqK63PCpYnFiLg7BICG/ot9+guOrUKd4/Fo71ZmEQ41IZbH6nqbQvG7SXTBuofJXAIWfNho0w==",
      "engines": {
        "node": ">=0.8.21"
      }
    }
  }
}
